
Microsoft Visual Studio Solution File, Format Version 12.00
# Visual Studio Version 17
VisualStudioVersion = 17.3.32929.385
MinimumVisualStudioVersion = 10.0.40219.1
Project("{FAE04EC0-301F-11D3-BF4B-00C04F79EFBC}") = "HALL", "HALL.csproj", "{1BD81019-5BD0-4D4E-8FF0-114D2645FD65}"
EndProject
Project("{2150E333-8FDC-42A3-9474-1A3956D46DE8}") = "Solution Items", "Solution Items", "{FF848335-573A-4A01-9ECD-7A3A82ED3A0F}"
	ProjectSection(SolutionItems) = preProject
		.editorconfig = .editorconfig
	EndProjectSection
EndProject
Global
	GlobalSection(SolutionConfigurationPlatforms) = preSolution
		Debug|Any CPU = Debug|Any CPU
		Release|Any CPU = Release|Any CPU
	EndGlobalSection
	GlobalSection(ProjectConfigurationPlatforms) = postSolution
		{1BD81019-5BD0-4D4E-8FF0-114D2645FD65}.Debug|Any CPU.ActiveCfg = Debug|Any CPU
		{1BD81019-5BD0-4D4E-8FF0-114D2645FD65}.Debug|Any CPU.Build.0 = Debug|Any CPU
		{1BD81019-5BD0-4D4E-8FF0-114D2645FD65}.Release|Any CPU.ActiveCfg = Release|Any CPU
		{1BD81019-5BD0-4D4E-8FF0-114D2645FD65}.Release|Any CPU.Build.0 = Release|Any CPU
	EndGlobalSection
	GlobalSection(SolutionProperties) = preSolution
		HideSolutionNode = FALSE
	EndGlobalSection
	GlobalSection(ExtensibilityGlobals) = postSolution
		SolutionGuid = {B70767DC-52BB-4307-9189-FA507C9500AE}
	EndGlobalSection
EndGlobal
